
Microsoft Visual Studio Solution File, Format Version 12.00
# Visual Studio Version 17
VisualStudioVersion = 17.7.34031.279
MinimumVisualStudioVersion = 10.0.40219.1
Project("{FAE04EC0-301F-11D3-BF4B-00C04F79EFBC}") = "Practica02_C#", "Practica02_C#\Practica02_C#.csproj", "{FAB0DE21-831F-4B47-808C-0807BBDA4DEA}"
EndProject
Global
	GlobalSection(SolutionConfigurationPlatforms) = preSolution
		Debug|Any CPU = Debug|Any CPU
		Release|Any CPU = Release|Any CPU
	EndGlobalSection
	GlobalSection(ProjectConfigurationPlatforms) = postSolution
		{FAB0DE21-831F-4B47-808C-0807BBDA4DEA}.Debug|Any CPU.ActiveCfg = Debug|Any CPU
		{FAB0DE21-831F-4B47-808C-0807BBDA4DEA}.Debug|Any CPU.Build.0 = Debug|Any CPU
		{FAB0DE21-831F-4B47-808C-0807BBDA4DEA}.Release|Any CPU.ActiveCfg = Release|Any CPU
		{FAB0DE21-831F-4B47-808C-0807BBDA4DEA}.Release|Any CPU.Build.0 = Release|Any CPU
	EndGlobalSection
	GlobalSection(SolutionProperties) = preSolution
		HideSolutionNode = FALSE
	EndGlobalSection
	GlobalSection(ExtensibilityGlobals) = postSolution
		SolutionGuid = {49227EDF-53B9-4BDB-92AD-00F209E5B101}
	EndGlobalSection
EndGlobal
